// !$*UTF8*$!
{
	archiveVersion = 1;
	classes = {
	};
	objectVersion = 77;
	objects = {

/* Begin PBXBuildFile section */
		0D3DB0632DD8D2E200B70D39 /* LaunchAtLogin in Frameworks */ = {isa = PBXBuildFile; productRef = 0D3DB0622DD8D2E200B70D39 /* LaunchAtLogin */; };
		0D44340B2E3E722100E9D117 /* DynamicNotchKit in Frameworks */ = {isa = PBXBuildFile; productRef = 0D44340A2E3E722100E9D117 /* DynamicNotchKit */; };
		0D6885442E464D1F00D00CC2 /* KeyboardShortcuts in Frameworks */ = {isa = PBXBuildFile; productRef = 0D6885432E464D1F00D00CC2 /* KeyboardShortcuts */; };
		0D9112422E26ECF900A464E5 /* Sparkle in Frameworks */ = {isa = PBXBuildFile; productRef = 0D9112412E26ECF900A464E5 /* Sparkle */; };
/* End PBXBuildFile section */

/* Begin PBXContainerItemProxy section */
		0D95532B2DC6700300615774 /* PBXContainerItemProxy */ = {
			isa = PBXContainerItemProxy;
			containerPortal = 0D9553112DC6700100615774 /* Project object */;
			proxyType = 1;
			remoteGlobalIDString = 0D9553182DC6700100615774;
			remoteInfo = MenuScores;
		};
		0D9553352DC6700300615774 /* PBXContainerItemProxy */ = {
			isa = PBXContainerItemProxy;
			containerPortal = 0D9553112DC6700100615774 /* Project object */;
			proxyType = 1;
			remoteGlobalIDString = 0D9553182DC6700100615774;
			remoteInfo = MenuScores;
		};
/* End PBXContainerItemProxy section */

/* Begin PBXFileReference section */
		0D9553192DC6700100615774 /* MenuScores.app */ = {isa = PBXFileReference; explicitFileType = wrapper.application; includeInIndex = 0; path = MenuScores.app; sourceTree = BUILT_PRODUCTS_DIR; };
		0D95532A2DC6700300615774 /* MenuScoresTests.xctest */ = {isa = PBXFileReference; explicitFileType = wrapper.cfbundle; includeInIndex = 0; path = MenuScoresTests.xctest; sourceTree = BUILT_PRODUCTS_DIR; };
		0D9553342DC6700300615774 /* MenuScoresUITests.xctest */ = {isa = PBXFileReference; explicitFileType = wrapper.cfbundle; includeInIndex = 0; path = MenuScoresUITests.xctest; sourceTree = BUILT_PRODUCTS_DIR; };
/* End PBXFileReference section */

/* Begin PBXFileSystemSynchronizedRootGroup section */
		0D95531B2DC6700100615774 /* MenuScores */ = {
			isa = PBXFileSystemSynchronizedRootGroup;
			path = MenuScores;
			sourceTree = "<group>";
		};
		0D95532D2DC6700300615774 /* MenuScoresTests */ = {
			isa = PBXFileSystemSynchronizedRootGroup;
			path = MenuScoresTests;
			sourceTree = "<group>";
		};
		0D9553372DC6700300615774 /* MenuScoresUITests */ = {
			isa = PBXFileSystemSynchronizedRootGroup;
			path = MenuScoresUITests;
			sourceTree = "<group>";
		};
/* End PBXFileSystemSynchronizedRootGroup section */

/* Begin PBXFrameworksBuildPhase section */
		0D9553162DC6700100615774 /* Frameworks */ = {
			isa = PBXFrameworksBuildPhase;
			buildActionMask = 2147483647;
			files = (
				0D44340B2E3E722100E9D117 /* DynamicNotchKit in Frameworks */,
				0D6885442E464D1F00D00CC2 /* KeyboardShortcuts in Frameworks */,
				0D3DB0632DD8D2E200B70D39 /* LaunchAtLogin in Frameworks */,
				0D9112422E26ECF900A464E5 /* Sparkle in Frameworks */,
			);
			runOnlyForDeploymentPostprocessing = 0;
		};
		0D9553272DC6700300615774 /* Frameworks */ = {
			isa = PBXFrameworksBuildPhase;
			buildActionMask = 2147483647;
			files = (
			);
			runOnlyForDeploymentPostprocessing = 0;
		};
		0D9553312DC6700300615774 /* Frameworks */ = {
			isa = PBXFrameworksBuildPhase;
			buildActionMask = 2147483647;
			files = (
			);
			runOnlyForDeploymentPostprocessing = 0;
		};
/* End PBXFrameworksBuildPhase section */

/* Begin PBXGroup section */
		0D9553102DC6700100615774 = {
			isa = PBXGroup;
			children = (
				0D95531B2DC6700100615774 /* MenuScores */,
				0D95532D2DC6700300615774 /* MenuScoresTests */,
				0D9553372DC6700300615774 /* MenuScoresUITests */,
				0D95531A2DC6700100615774 /* Products */,
			);
			sourceTree = "<group>";
		};
		0D95531A2DC6700100615774 /* Products */ = {
			isa = PBXGroup;
			children = (
				0D9553192DC6700100615774 /* MenuScores.app */,
				0D95532A2DC6700300615774 /* MenuScoresTests.xctest */,
				0D9553342DC6700300615774 /* MenuScoresUITests.xctest */,
			);
			name = Products;
			sourceTree = "<group>";
		};
/* End PBXGroup section */

/* Begin PBXNativeTarget section */
		0D9553182DC6700100615774 /* MenuScores */ = {
			isa = PBXNativeTarget;
			buildConfigurationList = 0D95533E2DC6700300615774 /* Build configuration list for PBXNativeTarget "MenuScores" */;
			buildPhases = (
				0D9553152DC6700100615774 /* Sources */,
				0D9553162DC6700100615774 /* Frameworks */,
				0D9553172DC6700100615774 /* Resources */,
			);
			buildRules = (
			);
			dependencies = (
			);
			fileSystemSynchronizedGroups = (
				0D95531B2DC6700100615774 /* MenuScores */,
			);
			name = MenuScores;
			packageProductDependencies = (
				0D3DB0622DD8D2E200B70D39 /* LaunchAtLogin */,
				0D9112412E26ECF900A464E5 /* Sparkle */,
				0D44340A2E3E722100E9D117 /* DynamicNotchKit */,
				0D6885432E464D1F00D00CC2 /* KeyboardShortcuts */,
			);
			productName = MenuScores;
			productReference = 0D9553192DC6700100615774 /* MenuScores.app */;
			productType = "com.apple.product-type.application";
		};
		0D9553292DC6700300615774 /* MenuScoresTests */ = {
			isa = PBXNativeTarget;
			buildConfigurationList = 0D9553412DC6700300615774 /* Build configuration list for PBXNativeTarget "MenuScoresTests" */;
			buildPhases = (
				0D9553262DC6700300615774 /* Sources */,
				0D9553272DC6700300615774 /* Frameworks */,
				0D9553282DC6700300615774 /* Resources */,
			);
			buildRules = (
			);
			dependencies = (
				0D95532C2DC6700300615774 /* PBXTargetDependency */,
			);
			fileSystemSynchronizedGroups = (
				0D95532D2DC6700300615774 /* MenuScoresTests */,
			);
			name = MenuScoresTests;
			packageProductDependencies = (
			);
			productName = MenuScoresTests;
			productReference = 0D95532A2DC6700300615774 /* MenuScoresTests.xctest */;
			productType = "com.apple.product-type.bundle.unit-test";
		};
		0D9553332DC6700300615774 /* MenuScoresUITests */ = {
			isa = PBXNativeTarget;
			buildConfigurationList = 0D9553442DC6700300615774 /* Build configuration list for PBXNativeTarget "MenuScoresUITests" */;
			buildPhases = (
				0D9553302DC6700300615774 /* Sources */,
				0D9553312DC6700300615774 /* Frameworks */,
				0D9553322DC6700300615774 /* Resources */,
			);
			buildRules = (
			);
			dependencies = (
				0D9553362DC6700300615774 /* PBXTargetDependency */,
			);
			fileSystemSynchronizedGroups = (
				0D9553372DC6700300615774 /* MenuScoresUITests */,
			);
			name = MenuScoresUITests;
			packageProductDependencies = (
			);
			productName = MenuScoresUITests;
			productReference = 0D9553342DC6700300615774 /* MenuScoresUITests.xctest */;
			productType = "com.apple.product-type.bundle.ui-testing";
		};
/* End PBXNativeTarget section */

/* Begin PBXProject section */
		0D9553112DC6700100615774 /* Project object */ = {
			isa = PBXProject;
			attributes = {
				BuildIndependentTargetsInParallel = 1;
				LastSwiftUpdateCheck = 1620;
				LastUpgradeCheck = 1620;
				TargetAttributes = {
					0D9553182DC6700100615774 = {
						CreatedOnToolsVersion = 16.2;
					};
					0D9553292DC6700300615774 = {
						CreatedOnToolsVersion = 16.2;
						TestTargetID = 0D9553182DC6700100615774;
					};
					0D9553332DC6700300615774 = {
						CreatedOnToolsVersion = 16.2;
						TestTargetID = 0D9553182DC6700100615774;
					};
				};
			};
			buildConfigurationList = 0D9553142DC6700100615774 /* Build configuration list for PBXProject "MenuScores" */;
			developmentRegion = en;
			hasScannedForEncodings = 0;
			knownRegions = (
				en,
				Base,
			);
			mainGroup = 0D9553102DC6700100615774;
			minimizedProjectReferenceProxies = 1;
			packageReferences = (
				0D3DB0612DD8D2E200B70D39 /* XCRemoteSwiftPackageReference "LaunchAtLogin-Modern" */,
				0D9112402E26ECF900A464E5 /* XCRemoteSwiftPackageReference "Sparkle" */,
				0D4434092E3E722100E9D117 /* XCRemoteSwiftPackageReference "DynamicNotchKit" */,
				0D6885422E464D1F00D00CC2 /* XCRemoteSwiftPackageReference "KeyboardShortcuts" */,
			);
			preferredProjectObjectVersion = 77;
			productRefGroup = 0D95531A2DC6700100615774 /* Products */;
			projectDirPath = "";
			projectRoot = "";
			targets = (
				0D9553182DC6700100615774 /* MenuScores */,
				0D9553292DC6700300615774 /* MenuScoresTests */,
				0D9553332DC6700300615774 /* MenuScoresUITests */,
			);
		};
/* End PBXProject section */

/* Begin PBXResourcesBuildPhase section */
		0D9553172DC6700100615774 /* Resources */ = {
			isa = PBXResourcesBuildPhase;
			buildActionMask = 2147483647;
			files = (
			);
			runOnlyForDeploymentPostprocessing = 0;
		};
		0D9553282DC6700300615774 /* Resources */ = {
			isa = PBXResourcesBuildPhase;
			buildActionMask = 2147483647;
			files = (
			);
			runOnlyForDeploymentPostprocessing = 0;
		};
		0D9553322DC6700300615774 /* Resources */ = {
			isa = PBXResourcesBuildPhase;
			buildActionMask = 2147483647;
			files = (
			);
			runOnlyForDeploymentPostprocessing = 0;
		};
/* End PBXResourcesBuildPhase section */

/* Begin PBXSourcesBuildPhase section */
		0D9553152DC6700100615774 /* Sources */ = {
			isa = PBXSourcesBuildPhase;
			buildActionMask = 2147483647;
			files = (
			);
			runOnlyForDeploymentPostprocessing = 0;
		};
		0D9553262DC6700300615774 /* Sources */ = {
			isa = PBXSourcesBuildPhase;
			buildActionMask = 2147483647;
			files = (
			);
			runOnlyForDeploymentPostprocessing = 0;
		};
		0D9553302DC6700300615774 /* Sources */ = {
			isa = PBXSourcesBuildPhase;
			buildActionMask = 2147483647;
			files = (
			);
			runOnlyForDeploymentPostprocessing = 0;
		};
/* End PBXSourcesBuildPhase section */

/* Begin PBXTargetDependency section */
		0D95532C2DC6700300615774 /* PBXTargetDependency */ = {
			isa = PBXTargetDependency;
			target = 0D9553182DC6700100615774 /* MenuScores */;
			targetProxy = 0D95532B2DC6700300615774 /* PBXContainerItemProxy */;
		};
		0D9553362DC6700300615774 /* PBXTargetDependency */ = {
			isa = PBXTargetDependency;
			target = 0D9553182DC6700100615774 /* MenuScores */;
			targetProxy = 0D9553352DC6700300615774 /* PBXContainerItemProxy */;
		};
/* End PBXTargetDependency section */

/* Begin XCBuildConfiguration section */
		0D95533C2DC6700300615774 /* Debug */ = {
			isa = XCBuildConfiguration;
			buildSettings = {
				ALWAYS_SEARCH_USER_PATHS = NO;
				ASSETCATALOG_COMPILER_GENERATE_SWIFT_ASSET_SYMBOL_EXTENSIONS = YES;
				CLANG_ANALYZER_NONNULL = YES;
				CLANG_ANALYZER_NUMBER_OBJECT_CONVERSION = YES_AGGRESSIVE;
				CLANG_CXX_LANGUAGE_STANDARD = "gnu++20";
				CLANG_ENABLE_MODULES = YES;
				CLANG_ENABLE_OBJC_ARC = YES;
				CLANG_ENABLE_OBJC_WEAK = YES;
				CLANG_WARN_BLOCK_CAPTURE_AUTORELEASING = YES;
				CLANG_WARN_BOOL_CONVERSION = YES;
				CLANG_WARN_COMMA = YES;
				CLANG_WARN_CONSTANT_CONVERSION = YES;
				CLANG_WARN_DEPRECATED_OBJC_IMPLEMENTATIONS = YES;
				CLANG_WARN_DIRECT_OBJC_ISA_USAGE = YES_ERROR;
				CLANG_WARN_DOCUMENTATION_COMMENTS = YES;
				CLANG_WARN_EMPTY_BODY = YES;
				CLANG_WARN_ENUM_CONVERSION = YES;
				CLANG_WARN_INFINITE_RECURSION = YES;
				CLANG_WARN_INT_CONVERSION = YES;
				CLANG_WARN_NON_LITERAL_NULL_CONVERSION = YES;
				CLANG_WARN_OBJC_IMPLICIT_RETAIN_SELF = YES;
				CLANG_WARN_OBJC_LITERAL_CONVERSION = YES;
				CLANG_WARN_OBJC_ROOT_CLASS = YES_ERROR;
				CLANG_WARN_QUOTED_INCLUDE_IN_FRAMEWORK_HEADER = YES;
				CLANG_WARN_RANGE_LOOP_ANALYSIS = YES;
				CLANG_WARN_STRICT_PROTOTYPES = YES;
				CLANG_WARN_SUSPICIOUS_MOVE = YES;
				CLANG_WARN_UNGUARDED_AVAILABILITY = YES_AGGRESSIVE;
				CLANG_WARN_UNREACHABLE_CODE = YES;
				CLANG_WARN__DUPLICATE_METHOD_MATCH = YES;
				COPY_PHASE_STRIP = NO;
				DEBUG_INFORMATION_FORMAT = dwarf;
				ENABLE_HARDENED_RUNTIME = YES;
				ENABLE_STRICT_OBJC_MSGSEND = YES;
				ENABLE_TESTABILITY = YES;
				ENABLE_USER_SCRIPT_SANDBOXING = YES;
				GCC_C_LANGUAGE_STANDARD = gnu17;
				GCC_DYNAMIC_NO_PIC = NO;
				GCC_NO_COMMON_BLOCKS = YES;
				GCC_OPTIMIZATION_LEVEL = 0;
				GCC_PREPROCESSOR_DEFINITIONS = (
					"DEBUG=1",
					"$(inherited)",
				);
				GCC_WARN_64_TO_32_BIT_CONVERSION = YES;
				GCC_WARN_ABOUT_RETURN_TYPE = YES_ERROR;
				GCC_WARN_UNDECLARED_SELECTOR = YES;
				GCC_WARN_UNINITIALIZED_AUTOS = YES_AGGRESSIVE;
				GCC_WARN_UNUSED_FUNCTION = YES;
				GCC_WARN_UNUSED_VARIABLE = YES;
				LOCALIZATION_PREFERS_STRING_CATALOGS = YES;
				MACOSX_DEPLOYMENT_TARGET = 15.1;
				MTL_ENABLE_DEBUG_INFO = INCLUDE_SOURCE;
				MTL_FAST_MATH = YES;
				ONLY_ACTIVE_ARCH = YES;
				SDKROOT = macosx;
				SWIFT_ACTIVE_COMPILATION_CONDITIONS = "DEBUG $(inherited)";
				SWIFT_OPTIMIZATION_LEVEL = "-Onone";
			};
			name = Debug;
		};
		0D95533D2DC6700300615774 /* Release */ = {
			isa = XCBuildConfiguration;
			buildSettings = {
				ALWAYS_SEARCH_USER_PATHS = NO;
				ASSETCATALOG_COMPILER_GENERATE_SWIFT_ASSET_SYMBOL_EXTENSIONS = YES;
				CLANG_ANALYZER_NONNULL = YES;
				CLANG_ANALYZER_NUMBER_OBJECT_CONVERSION = YES_AGGRESSIVE;
				CLANG_CXX_LANGUAGE_STANDARD = "gnu++20";
				CLANG_ENABLE_MODULES = YES;
				CLANG_ENABLE_OBJC_ARC = YES;
				CLANG_ENABLE_OBJC_WEAK = YES;
				CLANG_WARN_BLOCK_CAPTURE_AUTORELEASING = YES;
				CLANG_WARN_BOOL_CONVERSION = YES;
				CLANG_WARN_COMMA = YES;
				CLANG_WARN_CONSTANT_CONVERSION = YES;
				CLANG_WARN_DEPRECATED_OBJC_IMPLEMENTATIONS = YES;
				CLANG_WARN_DIRECT_OBJC_ISA_USAGE = YES_ERROR;
				CLANG_WARN_DOCUMENTATION_COMMENTS = YES;
				CLANG_WARN_EMPTY_BODY = YES;
				CLANG_WARN_ENUM_CONVERSION = YES;
				CLANG_WARN_INFINITE_RECURSION = YES;
				CLANG_WARN_INT_CONVERSION = YES;
				CLANG_WARN_NON_LITERAL_NULL_CONVERSION = YES;
				CLANG_WARN_OBJC_IMPLICIT_RETAIN_SELF = YES;
				CLANG_WARN_OBJC_LITERAL_CONVERSION = YES;
				CLANG_WARN_OBJC_ROOT_CLASS = YES_ERROR;
				CLANG_WARN_QUOTED_INCLUDE_IN_FRAMEWORK_HEADER = YES;
				CLANG_WARN_RANGE_LOOP_ANALYSIS = YES;
				CLANG_WARN_STRICT_PROTOTYPES = YES;
				CLANG_WARN_SUSPICIOUS_MOVE = YES;
				CLANG_WARN_UNGUARDED_AVAILABILITY = YES_AGGRESSIVE;
				CLANG_WARN_UNREACHABLE_CODE = YES;
				CLANG_WARN__DUPLICATE_METHOD_MATCH = YES;
				COPY_PHASE_STRIP = NO;
				DEBUG_INFORMATION_FORMAT = "dwarf-with-dsym";
				ENABLE_HARDENED_RUNTIME = YES;
				ENABLE_NS_ASSERTIONS = NO;
				ENABLE_STRICT_OBJC_MSGSEND = YES;
				ENABLE_USER_SCRIPT_SANDBOXING = YES;
				GCC_C_LANGUAGE_STANDARD = gnu17;
				GCC_NO_COMMON_BLOCKS = YES;
				GCC_WARN_64_TO_32_BIT_CONVERSION = YES;
				GCC_WARN_ABOUT_RETURN_TYPE = YES_ERROR;
				GCC_WARN_UNDECLARED_SELECTOR = YES;
				GCC_WARN_UNINITIALIZED_AUTOS = YES_AGGRESSIVE;
				GCC_WARN_UNUSED_FUNCTION = YES;
				GCC_WARN_UNUSED_VARIABLE = YES;
				LOCALIZATION_PREFERS_STRING_CATALOGS = YES;
				MACOSX_DEPLOYMENT_TARGET = 15.1;
				MTL_ENABLE_DEBUG_INFO = NO;
				MTL_FAST_MATH = YES;
				SDKROOT = macosx;
				SWIFT_COMPILATION_MODE = wholemodule;
			};
			name = Release;
		};
		0D95533F2DC6700300615774 /* Debug */ = {
			isa = XCBuildConfiguration;
			buildSettings = {
				ASSETCATALOG_COMPILER_APPICON_NAME = AppIcon;
				ASSETCATALOG_COMPILER_GLOBAL_ACCENT_COLOR_NAME = AccentColor;
				CODE_SIGN_ENTITLEMENTS = MenuScores/MenuScores.entitlements;
				CODE_SIGN_STYLE = Automatic;
				COMBINE_HIDPI_IMAGES = YES;
				CURRENT_PROJECT_VERSION = 3;
				DEVELOPMENT_ASSET_PATHS = "\"MenuScores/Preview Content\"";
				DEVELOPMENT_TEAM = CZ58W7DJ7N;
				ENABLE_HARDENED_RUNTIME = YES;
				ENABLE_PREVIEWS = YES;
				GENERATE_INFOPLIST_FILE = YES;
				INFOPLIST_FILE = MenuScores/Info.plist;
				INFOPLIST_KEY_CFBundleDisplayName = MenuScores;
				INFOPLIST_KEY_LSApplicationCategoryType = "public.app-category.sports";
				INFOPLIST_KEY_LSUIElement = YES;
				INFOPLIST_KEY_NSHumanReadableCopyright = "";
				LD_RUNPATH_SEARCH_PATHS = (
					"$(inherited)",
					"@executable_path/../Frameworks",
				);
				MACOSX_DEPLOYMENT_TARGET = 13.0;
				MARKETING_VERSION = 2.0.1;
				PRODUCT_BUNDLE_IDENTIFIER = daniyalmaster.MenuScores;
				PRODUCT_NAME = "$(TARGET_NAME)";
				SWIFT_EMIT_LOC_STRINGS = YES;
				SWIFT_VERSION = 5.0;
			};
			name = Debug;
		};
		0D9553402DC6700300615774 /* Release */ = {
			isa = XCBuildConfiguration;
			buildSettings = {
				ASSETCATALOG_COMPILER_APPICON_NAME = AppIcon;
				ASSETCATALOG_COMPILER_GLOBAL_ACCENT_COLOR_NAME = AccentColor;
				CODE_SIGN_ENTITLEMENTS = MenuScores/MenuScores.entitlements;
				CODE_SIGN_STYLE = Automatic;
				COMBINE_HIDPI_IMAGES = YES;
				CURRENT_PROJECT_VERSION = 3;
				DEVELOPMENT_ASSET_PATHS = "\"MenuScores/Preview Content\"";
				DEVELOPMENT_TEAM = CZ58W7DJ7N;
				ENABLE_HARDENED_RUNTIME = YES;
				ENABLE_PREVIEWS = YES;
				GENERATE_INFOPLIST_FILE = YES;
				INFOPLIST_FILE = MenuScores/Info.plist;
				INFOPLIST_KEY_CFBundleDisplayName = MenuScores;
				INFOPLIST_KEY_LSApplicationCategoryType = "public.app-category.sports";
				INFOPLIST_KEY_LSUIElement = YES;
				INFOPLIST_KEY_NSHumanReadableCopyright = "";
				LD_RUNPATH_SEARCH_PATHS = (
					"$(inherited)",
					"@executable_path/../Frameworks",
				);
				MACOSX_DEPLOYMENT_TARGET = 13.0;
				MARKETING_VERSION = 2.0.1;
				PRODUCT_BUNDLE_IDENTIFIER = daniyalmaster.MenuScores;
				PRODUCT_NAME = "$(TARGET_NAME)";
				SWIFT_EMIT_LOC_STRINGS = YES;
				SWIFT_VERSION = 5.0;
			};
			name = Release;
		};
		0D9553422DC6700300615774 /* Debug */ = {
			isa = XCBuildConfiguration;
			buildSettings = {
				BUNDLE_LOADER = "$(TEST_HOST)";
				CODE_SIGN_STYLE = Automatic;
				CURRENT_PROJECT_VERSION = 1;
				DEVELOPMENT_TEAM = CZ58W7DJ7N;
				GENERATE_INFOPLIST_FILE = YES;
				MACOSX_DEPLOYMENT_TARGET = 15.1;
				MARKETING_VERSION = 1.0;
				PRODUCT_BUNDLE_IDENTIFIER = daniyalmaster.MenuScoresTests;
				PRODUCT_NAME = "$(TARGET_NAME)";
				SWIFT_EMIT_LOC_STRINGS = NO;
				SWIFT_VERSION = 5.0;
				TEST_HOST = "$(BUILT_PRODUCTS_DIR)/MenuScores.app/$(BUNDLE_EXECUTABLE_FOLDER_PATH)/MenuScores";
			};
			name = Debug;
		};
		0D9553432DC6700300615774 /* Release */ = {
			isa = XCBuildConfiguration;
			buildSettings = {
				BUNDLE_LOADER = "$(TEST_HOST)";
				CODE_SIGN_STYLE = Automatic;
				CURRENT_PROJECT_VERSION = 1;
				DEVELOPMENT_TEAM = CZ58W7DJ7N;
				GENERATE_INFOPLIST_FILE = YES;
				MACOSX_DEPLOYMENT_TARGET = 15.1;
				MARKETING_VERSION = 1.0;
				PRODUCT_BUNDLE_IDENTIFIER = daniyalmaster.MenuScoresTests;
				PRODUCT_NAME = "$(TARGET_NAME)";
				SWIFT_EMIT_LOC_STRINGS = NO;
				SWIFT_VERSION = 5.0;
				TEST_HOST = "$(BUILT_PRODUCTS_DIR)/MenuScores.app/$(BUNDLE_EXECUTABLE_FOLDER_PATH)/MenuScores";
			};
			name = Release;
		};
		0D9553452DC6700300615774 /* Debug */ = {
			isa = XCBuildConfiguration;
			buildSettings = {
				CODE_SIGN_STYLE = Automatic;
				CURRENT_PROJECT_VERSION = 1;
				DEVELOPMENT_TEAM = CZ58W7DJ7N;
				GENERATE_INFOPLIST_FILE = YES;
				MARKETING_VERSION = 1.0;
				PRODUCT_BUNDLE_IDENTIFIER = daniyalmaster.MenuScoresUITests;
				PRODUCT_NAME = "$(TARGET_NAME)";
				SWIFT_EMIT_LOC_STRINGS = NO;
				SWIFT_VERSION = 5.0;
				TEST_TARGET_NAME = MenuScores;
			};
			name = Debug;
		};
		0D9553462DC6700300615774 /* Release */ = {
			isa = XCBuildConfiguration;
			buildSettings = {
				CODE_SIGN_STYLE = Automatic;
				CURRENT_PROJECT_VERSION = 1;
				DEVELOPMENT_TEAM = CZ58W7DJ7N;
				GENERATE_INFOPLIST_FILE = YES;
				MARKETING_VERSION = 1.0;
				PRODUCT_BUNDLE_IDENTIFIER = daniyalmaster.MenuScoresUITests;
				PRODUCT_NAME = "$(TARGET_NAME)";
				SWIFT_EMIT_LOC_STRINGS = NO;
				SWIFT_VERSION = 5.0;
				TEST_TARGET_NAME = MenuScores;
			};
			name = Release;
		};
/* End XCBuildConfiguration section */

/* Begin XCConfigurationList section */
		0D9553142DC6700100615774 /* Build configuration list for PBXProject "MenuScores" */ = {
			isa = XCConfigurationList;
			buildConfigurations = (
				0D95533C2DC6700300615774 /* Debug */,
				0D95533D2DC6700300615774 /* Release */,
			);
			defaultConfigurationIsVisible = 0;
			defaultConfigurationName = Release;
		};
		0D95533E2DC6700300615774 /* Build configuration list for PBXNativeTarget "MenuScores" */ = {
			isa = XCConfigurationList;
			buildConfigurations = (
				0D95533F2DC6700300615774 /* Debug */,
				0D9553402DC6700300615774 /* Release */,
			);
			defaultConfigurationIsVisible = 0;
			defaultConfigurationName = Release;
		};
		0D9553412DC6700300615774 /* Build configuration list for PBXNativeTarget "MenuScoresTests" */ = {
			isa = XCConfigurationList;
			buildConfigurations = (
				0D9553422DC6700300615774 /* Debug */,
				0D9553432DC6700300615774 /* Release */,
			);
			defaultConfigurationIsVisible = 0;
			defaultConfigurationName = Release;
		};
		0D9553442DC6700300615774 /* Build configuration list for PBXNativeTarget "MenuScoresUITests" */ = {
			isa = XCConfigurationList;
			buildConfigurations = (
				0D9553452DC6700300615774 /* Debug */,
				0D9553462DC6700300615774 /* Release */,
			);
			defaultConfigurationIsVisible = 0;
			defaultConfigurationName = Release;
		};
/* End XCConfigurationList section */

/* Begin XCRemoteSwiftPackageReference section */
		0D3DB0612DD8D2E200B70D39 /* XCRemoteSwiftPackageReference "LaunchAtLogin-Modern" */ = {
			isa = XCRemoteSwiftPackageReference;
			repositoryURL = "https://github.com/sindresorhus/LaunchAtLogin-Modern";
			requirement = {
				branch = main;
				kind = branch;
			};
		};
		0D4434092E3E722100E9D117 /* XCRemoteSwiftPackageReference "DynamicNotchKit" */ = {
			isa = XCRemoteSwiftPackageReference;
			repositoryURL = "https://github.com/MrKai77/DynamicNotchKit";
			requirement = {
				kind = upToNextMajorVersion;
				minimumVersion = 1.0.0;
			};
		};
		0D6885422E464D1F00D00CC2 /* XCRemoteSwiftPackageReference "KeyboardShortcuts" */ = {
			isa = XCRemoteSwiftPackageReference;
			repositoryURL = "https://github.com/sindresorhus/KeyboardShortcuts";
			requirement = {
				kind = upToNextMajorVersion;
				minimumVersion = 2.3.0;
			};
		};
		0D9112402E26ECF900A464E5 /* XCRemoteSwiftPackageReference "Sparkle" */ = {
			isa = XCRemoteSwiftPackageReference;
			repositoryURL = "https://github.com/sparkle-project/Sparkle";
			requirement = {
				kind = upToNextMajorVersion;
				minimumVersion = 2.7.1;
			};
		};
/* End XCRemoteSwiftPackageReference section */

/* Begin XCSwiftPackageProductDependency section */
		0D3DB0622DD8D2E200B70D39 /* LaunchAtLogin */ = {
			isa = XCSwiftPackageProductDependency;
			package = 0D3DB0612DD8D2E200B70D39 /* XCRemoteSwiftPackageReference "LaunchAtLogin-Modern" */;
			productName = LaunchAtLogin;
		};
		0D44340A2E3E722100E9D117 /* DynamicNotchKit */ = {
			isa = XCSwiftPackageProductDependency;
			package = 0D4434092E3E722100E9D117 /* XCRemoteSwiftPackageReference "DynamicNotchKit" */;
			productName = DynamicNotchKit;
		};
		0D6885432E464D1F00D00CC2 /* KeyboardShortcuts */ = {
			isa = XCSwiftPackageProductDependency;
			package = 0D6885422E464D1F00D00CC2 /* XCRemoteSwiftPackageReference "KeyboardShortcuts" */;
			productName = KeyboardShortcuts;
		};
		0D9112412E26ECF900A464E5 /* Sparkle */ = {
			isa = XCSwiftPackageProductDependency;
			package = 0D9112402E26ECF900A464E5 /* XCRemoteSwiftPackageReference "Sparkle" */;
			productName = Sparkle;
		};
/* End XCSwiftPackageProductDependency section */
	};
	rootObject = 0D9553112DC6700100615774 /* Project object */;
}
